
Microsoft Visual Studio Solution File, Format Version 12.00
# Visual Studio Version 17
VisualStudioVersion = 17.5.33502.453
MinimumVisualStudioVersion = 10.0.40219.1
Project("{2150E333-8FDC-42A3-9474-1A3956D46DE8}") = "1 - Services", "1 - Services", "{2BEE0565-2668-4363-BCCB-B1BC4FE27970}"
EndProject
Project("{2150E333-8FDC-42A3-9474-1A3956D46DE8}") = "2 - InfraStructure", "2 - InfraStructure", "{B9EA580F-CDCA-4C9D-9EC7-26FF919270E3}"
EndProject
Project("{9A19103F-16F7-4668-BE54-9A1E7A4F7556}") = "FluxoDiario.Api", "FluxoDiario.Api\FluxoDiario.Api.csproj", "{2AA48689-019C-41A2-8436-D0C66D061F16}"
EndProject
Project("{9A19103F-16F7-4668-BE54-9A1E7A4F7556}") = "FluxoDiario.Infra.Data", "FluxoDiario.Infra.Data\FluxoDiario.Infra.Data.csproj", "{B3D1EBD9-AE50-4E08-9899-02C21D98E356}"
EndProject
Project("{E53339B2-1760-4266-BCC7-CA923CBCF16C}") = "docker-compose", "docker-compose.dcproj", "{3EBA7DDC-AF5E-49AD-99FA-8F884A98013A}"
EndProject
Global
	GlobalSection(SolutionConfigurationPlatforms) = preSolution
		Debug|Any CPU = Debug|Any CPU
		Release|Any CPU = Release|Any CPU
	EndGlobalSection
	GlobalSection(ProjectConfigurationPlatforms) = postSolution
		{2AA48689-019C-41A2-8436-D0C66D061F16}.Debug|Any CPU.ActiveCfg = Debug|Any CPU
		{2AA48689-019C-41A2-8436-D0C66D061F16}.Debug|Any CPU.Build.0 = Debug|Any CPU
		{2AA48689-019C-41A2-8436-D0C66D061F16}.Release|Any CPU.ActiveCfg = Release|Any CPU
		{2AA48689-019C-41A2-8436-D0C66D061F16}.Release|Any CPU.Build.0 = Release|Any CPU
		{B3D1EBD9-AE50-4E08-9899-02C21D98E356}.Debug|Any CPU.ActiveCfg = Debug|Any CPU
		{B3D1EBD9-AE50-4E08-9899-02C21D98E356}.Debug|Any CPU.Build.0 = Debug|Any CPU
		{B3D1EBD9-AE50-4E08-9899-02C21D98E356}.Release|Any CPU.ActiveCfg = Release|Any CPU
		{B3D1EBD9-AE50-4E08-9899-02C21D98E356}.Release|Any CPU.Build.0 = Release|Any CPU
		{3EBA7DDC-AF5E-49AD-99FA-8F884A98013A}.Debug|Any CPU.ActiveCfg = Debug|Any CPU
		{3EBA7DDC-AF5E-49AD-99FA-8F884A98013A}.Debug|Any CPU.Build.0 = Debug|Any CPU
		{3EBA7DDC-AF5E-49AD-99FA-8F884A98013A}.Release|Any CPU.ActiveCfg = Release|Any CPU
		{3EBA7DDC-AF5E-49AD-99FA-8F884A98013A}.Release|Any CPU.Build.0 = Release|Any CPU
	EndGlobalSection
	GlobalSection(SolutionProperties) = preSolution
		HideSolutionNode = FALSE
	EndGlobalSection
	GlobalSection(NestedProjects) = preSolution
		{2AA48689-019C-41A2-8436-D0C66D061F16} = {2BEE0565-2668-4363-BCCB-B1BC4FE27970}
		{B3D1EBD9-AE50-4E08-9899-02C21D98E356} = {B9EA580F-CDCA-4C9D-9EC7-26FF919270E3}
	EndGlobalSection
	GlobalSection(ExtensibilityGlobals) = postSolution
		SolutionGuid = {837A57AF-F5B0-45DA-BFD2-71B413B4C701}
	EndGlobalSection
EndGlobal
